# THIS IS AN AUTOGENERATED FILE. DO NOT EDIT THIS FILE DIRECTLY.
# yarn lockfile v1


"@types/google-protobuf@^3.2.7":
  version "3.7.1"
  resolved "https://registry.yarnpkg.com/@types/google-protobuf/-/google-protobuf-3.7.1.tgz#69503856e717a4ed2fd0216d4aa3f0bebf5df5df"
  integrity sha512-kiLxbqoi2C7NmkGj1ZpkSDyIqj4vqDEIjx7wX+O0GXV6bLX6u/oLz49CwefD0c0vzaKeBdOqmUtI8bC0bBRr0w==

google-protobuf@^3.6.1:
  version "3.9.1"
  resolved "https://registry.yarnpkg.com/google-protobuf/-/google-protobuf-3.9.1.tgz#87e6a16b7fb16405b515a6c6622d5ace45578d86"
  integrity sha512-tkz7SVwBktFbqFK3teXFUY/VM57+mbUgV9bSD+sZH1ocHJ7uk7BfEWMRdU24dd0ciUDokreA7ghH2fYFIczQdw==

grpc-web@^1.0.6:
  version "1.0.6"
  resolved "https://registry.yarnpkg.com/grpc-web/-/grpc-web-1.0.6.tgz#9dc2886b5bff5cee08e51960e33702322890376e"
  integrity sha512-iwqchQXNsA8bcJwuYEv/A8ScEaf5nA5+vtptEv2KN646KW94tsq7O+Q7hy5+gADOg6XhmJqPhSlvTMdiHlVfcw==

tweetnacl@^1.0.1:
  version "1.0.1"
  resolved "https://registry.yarnpkg.com/tweetnacl/-/tweetnacl-1.0.1.tgz#2594d42da73cd036bd0d2a54683dd35a6b55ca17"
  integrity sha512-kcoMoKTPYnoeS50tzoqjPY3Uv9axeuuFAZY9M/9zFnhoVvRfxz9K29IMPD7jGmt2c8SW7i3gT9WqDl2+nV7p4A==
