lockfileVersion: 5.3

specifiers:
  '@hashgraph/sdk': file:..
  dotenv: ^8.2.0

dependencies:
  '@hashgraph/sdk': link:..
  dotenv: 8.6.0

packages:

  /dotenv/8.6.0:
    resolution: {integrity: sha512-IrPdXQsk2BbzvCBGBOTmmSH5SodmqZNt4ERAZDmW4CT+tL8VtvinqywuANaFu4bOMWki16nqf0e4oC0QIaDr/g==}
    engines: {node: '>=10'}
    dev: false
